
Microsoft Visual Studio Solution File, Format Version 12.00
# Visual Studio Version 17
VisualStudioVersion = 17.9.34714.143
MinimumVisualStudioVersion = 10.0.40219.1
Project("{FAE04EC0-301F-11D3-BF4B-00C04F79EFBC}") = "Studie Dashboard", "Studie Dashboard.csproj", "{1F25E1BC-5D17-4599-AD56-B3756CF31306}"
EndProject
Global
	GlobalSection(SolutionConfigurationPlatforms) = preSolution
		Debug|Any CPU = Debug|Any CPU
		Release|Any CPU = Release|Any CPU
	EndGlobalSection
	GlobalSection(ProjectConfigurationPlatforms) = postSolution
		{1F25E1BC-5D17-4599-AD56-B3756CF31306}.Debug|Any CPU.ActiveCfg = Debug|Any CPU
		{1F25E1BC-5D17-4599-AD56-B3756CF31306}.Debug|Any CPU.Build.0 = Debug|Any CPU
		{1F25E1BC-5D17-4599-AD56-B3756CF31306}.Release|Any CPU.ActiveCfg = Release|Any CPU
		{1F25E1BC-5D17-4599-AD56-B3756CF31306}.Release|Any CPU.Build.0 = Release|Any CPU
	EndGlobalSection
	GlobalSection(SolutionProperties) = preSolution
		HideSolutionNode = FALSE
	EndGlobalSection
	GlobalSection(ExtensibilityGlobals) = postSolution
		SolutionGuid = {877EA5DA-A2C5-42F4-8BD7-CB82E2FD722A}
	EndGlobalSection
EndGlobal
